# THIS IS AN AUTOGENERATED FILE. DO NOT EDIT THIS FILE DIRECTLY.
# yarn lockfile v1


"@xmldom/xmldom@^0.8.2":
  version "0.8.2"
  resolved "https://registry.yarnpkg.com/@xmldom/xmldom/-/xmldom-0.8.2.tgz#b695ff674e8216efa632a3d36ad51ae9843380c0"
  integrity sha512-+R0juSseERyoPvnBQ/cZih6bpF7IpCXlWbHRoCRzYzqpz6gWHOgf8o4MOEf6KBVuOyqU+gCNLkCWVIJAro8XyQ==

docxtemplater@^3.29.4:
  version "3.29.4"
  resolved "https://registry.yarnpkg.com/docxtemplater/-/docxtemplater-3.29.4.tgz#450f80c0b399c89828d3b02df55cebc90fc57fb3"
  integrity sha512-HIUCwzy3Z+Evs0l3G6Rj5PF4sh/bC63V90x9SQXr1x1XyKNi1ESGcLvQVkD4F2wtnBo2zsFcvuY7khgZCLmKew==
  dependencies:
    "@xmldom/xmldom" "^0.8.2"

pako@^2.0.4:
  version "2.0.4"
  resolved "https://registry.yarnpkg.com/pako/-/pako-2.0.4.tgz#6cebc4bbb0b6c73b0d5b8d7e8476e2b2fbea576d"
  integrity sha512-v8tweI900AUkZN6heMU/4Uy4cXRc2AYNRggVmTR+dEncawDJgCdLMximOVA2p4qO57WMynangsfGRb5WD6L1Bg==

pizzip@^3.1.1:
  version "3.1.1"
  resolved "https://registry.yarnpkg.com/pizzip/-/pizzip-3.1.1.tgz#4f4896189da7386e5060b148696e116a61cb2bd0"
  integrity sha512-+SYbkj87i+/4LR2F0lIeLTRFg95aj14OhGka988Jg8HiXZVOifdBIWaKZTnfZFvvUl5torCXQ/e+wZ6D23hPuQ==
  dependencies:
    pako "^2.0.4"
